
Microsoft Visual Studio Solution File, Format Version 12.00
# Visual Studio Version 17
VisualStudioVersion = 17.7.34031.279
MinimumVisualStudioVersion = 10.0.40219.1
Project("{FAE04EC0-301F-11D3-BF4B-00C04F79EFBC}") = "NZWalks.Api", "NZWalks.Api\NZWalks.Api.csproj", "{69FE4EDB-A60C-4D85-9D8E-524F6C7A6921}"
EndProject
Global
	GlobalSection(SolutionConfigurationPlatforms) = preSolution
		Debug|Any CPU = Debug|Any CPU
		Release|Any CPU = Release|Any CPU
	EndGlobalSection
	GlobalSection(ProjectConfigurationPlatforms) = postSolution
		{69FE4EDB-A60C-4D85-9D8E-524F6C7A6921}.Debug|Any CPU.ActiveCfg = Debug|Any CPU
		{69FE4EDB-A60C-4D85-9D8E-524F6C7A6921}.Debug|Any CPU.Build.0 = Debug|Any CPU
		{69FE4EDB-A60C-4D85-9D8E-524F6C7A6921}.Release|Any CPU.ActiveCfg = Release|Any CPU
		{69FE4EDB-A60C-4D85-9D8E-524F6C7A6921}.Release|Any CPU.Build.0 = Release|Any CPU
	EndGlobalSection
	GlobalSection(SolutionProperties) = preSolution
		HideSolutionNode = FALSE
	EndGlobalSection
	GlobalSection(ExtensibilityGlobals) = postSolution
		SolutionGuid = {46CC60AD-8C61-4265-86EA-C33E99F82B09}
	EndGlobalSection
EndGlobal
